{
  "originHash" : "1e7ace9e0f1c468dd3400b8f6d48dda6b277beb982800c60501be63c155d1604",
  "pins" : [
    {
      "identity" : "sendbird-calls-ios",
      "kind" : "remoteSourceControl",
      "location" : "https://github.com/sendbird/sendbird-calls-ios.git",
      "state" : {
        "revision" : "b1535db69f0df8a4160022629adfd5cbc5458412",
        "version" : "1.10.22"
      }
    },
    {
      "identity" : "sendbird-chat-sdk-ios",
      "kind" : "remoteSourceControl",
      "location" : "https://github.com/sendbird/sendbird-chat-sdk-ios.git",
      "state" : {
        "revision" : "2548b25e3972654808bb2af800e5de406a05518d",
        "version" : "4.34.1"
      }
    },
    {
      "identity" : "sendbird-webrtc-ios",
      "kind" : "remoteSourceControl",
      "location" : "https://github.com/sendbird/sendbird-webrtc-ios",
      "state" : {
        "revision" : "a736f8e6d0df0e39707e1323fa8f20c0979ee201",
        "version" : "1.8.1"
      }
    }
  ],
  "version" : 3
}
