{
  "pins" : [
    {
      "identity" : "sendbird-calls-ios",
      "kind" : "remoteSourceControl",
      "location" : "https://github.com/sendbird/sendbird-calls-ios.git",
      "state" : {
        "revision" : "281f60c5613f4517546ea179b10465be43d70ba9",
        "version" : "1.10.17"
      }
    },
    {
      "identity" : "sendbird-chat-sdk-ios",
      "kind" : "remoteSourceControl",
      "location" : "https://github.com/sendbird/sendbird-chat-sdk-ios.git",
      "state" : {
        "revision" : "9bb38bbd43106b53e7c9f347795b561345379dd7",
        "version" : "4.15.1"
      }
    },
    {
      "identity" : "sendbird-webrtc-ios",
      "kind" : "remoteSourceControl",
      "location" : "https://github.com/sendbird/sendbird-webrtc-ios",
      "state" : {
        "revision" : "a736f8e6d0df0e39707e1323fa8f20c0979ee201",
        "version" : "1.8.1"
      }
    }
  ],
  "version" : 2
}
